
Microsoft Visual Studio Solution File, Format Version 12.00
# Visual Studio Version 17
VisualStudioVersion = 17.6.33513.286
MinimumVisualStudioVersion = 10.0.40219.1
Project("{FAE04EC0-301F-11D3-BF4B-00C04F79EFBC}") = "BookShop", "BookShop\BookShop.csproj", "{ECF109F2-5C7F-4698-8C2B-8874F6A834EB}"
EndProject
Project("{2150E333-8FDC-42A3-9474-1A3956D46DE8}") = "Solution Items", "Solution Items", "{6FC99CBF-2612-4802-A9EE-14D892671F30}"
	ProjectSection(SolutionItems) = preProject
		.editorconfig = .editorconfig
	EndProjectSection
EndProject
Global
	GlobalSection(SolutionConfigurationPlatforms) = preSolution
		Debug|Any CPU = Debug|Any CPU
		Release|Any CPU = Release|Any CPU
	EndGlobalSection
	GlobalSection(ProjectConfigurationPlatforms) = postSolution
		{ECF109F2-5C7F-4698-8C2B-8874F6A834EB}.Debug|Any CPU.ActiveCfg = Debug|Any CPU
		{ECF109F2-5C7F-4698-8C2B-8874F6A834EB}.Debug|Any CPU.Build.0 = Debug|Any CPU
		{ECF109F2-5C7F-4698-8C2B-8874F6A834EB}.Release|Any CPU.ActiveCfg = Release|Any CPU
		{ECF109F2-5C7F-4698-8C2B-8874F6A834EB}.Release|Any CPU.Build.0 = Release|Any CPU
	EndGlobalSection
	GlobalSection(SolutionProperties) = preSolution
		HideSolutionNode = FALSE
	EndGlobalSection
	GlobalSection(ExtensibilityGlobals) = postSolution
		SolutionGuid = {3720F5EC-1FF7-4D65-8045-FA4445A56171}
	EndGlobalSection
EndGlobal
