
Microsoft Visual Studio Solution File, Format Version 12.00
# Visual Studio Version 17
VisualStudioVersion = 17.6.33513.286
MinimumVisualStudioVersion = 10.0.40219.1
Project("{FAE04EC0-301F-11D3-BF4B-00C04F79EFBC}") = "BookShop", "BookShop\BookShop.csproj", "{7A30A0EB-98EB-48E7-9996-E45D3A130270}"
EndProject
Global
	GlobalSection(SolutionConfigurationPlatforms) = preSolution
		Debug|Any CPU = Debug|Any CPU
		Release|Any CPU = Release|Any CPU
	EndGlobalSection
	GlobalSection(ProjectConfigurationPlatforms) = postSolution
		{7A30A0EB-98EB-48E7-9996-E45D3A130270}.Debug|Any CPU.ActiveCfg = Debug|Any CPU
		{7A30A0EB-98EB-48E7-9996-E45D3A130270}.Debug|Any CPU.Build.0 = Debug|Any CPU
		{7A30A0EB-98EB-48E7-9996-E45D3A130270}.Release|Any CPU.ActiveCfg = Release|Any CPU
		{7A30A0EB-98EB-48E7-9996-E45D3A130270}.Release|Any CPU.Build.0 = Release|Any CPU
	EndGlobalSection
	GlobalSection(SolutionProperties) = preSolution
		HideSolutionNode = FALSE
	EndGlobalSection
	GlobalSection(ExtensibilityGlobals) = postSolution
		SolutionGuid = {F6530C1C-5097-49A6-919B-B291AFC1403D}
	EndGlobalSection
EndGlobal
